
Microsoft Visual Studio Solution File, Format Version 12.00
# Visual Studio Version 17
VisualStudioVersion = 17.13.35806.99 d17.13
MinimumVisualStudioVersion = 10.0.40219.1
Project("{FAE04EC0-301F-11D3-BF4B-00C04F79EFBC}") = "LanguageFeatures", "LanguageFeatures\LanguageFeatures.csproj", "{4C2E141E-06E4-45C2-93D7-AF005A3F5FF8}"
EndProject
Project("{FAE04EC0-301F-11D3-BF4B-00C04F79EFBC}") = "TopLevelStatements", "TopLevelStatements\TopLevelStatements.csproj", "{B82131E8-CC72-4FEC-805A-77AE27DD8A0F}"
EndProject
Global
	GlobalSection(SolutionConfigurationPlatforms) = preSolution
		Debug|Any CPU = Debug|Any CPU
		Release|Any CPU = Release|Any CPU
	EndGlobalSection
	GlobalSection(ProjectConfigurationPlatforms) = postSolution
		{4C2E141E-06E4-45C2-93D7-AF005A3F5FF8}.Debug|Any CPU.ActiveCfg = Debug|Any CPU
		{4C2E141E-06E4-45C2-93D7-AF005A3F5FF8}.Debug|Any CPU.Build.0 = Debug|Any CPU
		{4C2E141E-06E4-45C2-93D7-AF005A3F5FF8}.Release|Any CPU.ActiveCfg = Release|Any CPU
		{4C2E141E-06E4-45C2-93D7-AF005A3F5FF8}.Release|Any CPU.Build.0 = Release|Any CPU
		{B82131E8-CC72-4FEC-805A-77AE27DD8A0F}.Debug|Any CPU.ActiveCfg = Debug|Any CPU
		{B82131E8-CC72-4FEC-805A-77AE27DD8A0F}.Debug|Any CPU.Build.0 = Debug|Any CPU
		{B82131E8-CC72-4FEC-805A-77AE27DD8A0F}.Release|Any CPU.ActiveCfg = Release|Any CPU
		{B82131E8-CC72-4FEC-805A-77AE27DD8A0F}.Release|Any CPU.Build.0 = Release|Any CPU
	EndGlobalSection
	GlobalSection(SolutionProperties) = preSolution
		HideSolutionNode = FALSE
	EndGlobalSection
	GlobalSection(ExtensibilityGlobals) = postSolution
		SolutionGuid = {FB3AE617-A6FC-42EB-8FEF-EB10971CFA2D}
	EndGlobalSection
EndGlobal
